
Microsoft Visual Studio Solution File, Format Version 12.00
# Visual Studio Version 17
VisualStudioVersion = 17.14.36212.18
MinimumVisualStudioVersion = 10.0.40219.1
Project("{FAE04EC0-301F-11D3-BF4B-00C04F79EFBC}") = "TecnoStoreMovil", "TecnoStoreMovil\TecnoStoreMovil.csproj", "{CE620E89-2939-423E-BCD8-693D9D2FA088}"
EndProject
Project("{FAE04EC0-301F-11D3-BF4B-00C04F79EFBC}") = "TecnoStoreMovil.Api", "TecnoStoreMovil.Api\TecnoStoreMovil.Api.csproj", "{CC436DA6-708C-4BAC-B9E1-6FA8C50ECF14}"
EndProject
Project("{FAE04EC0-301F-11D3-BF4B-00C04F79EFBC}") = "TecnoStoreMovil.Shared", "TecnoStoreMovil.Shared\TecnoStoreMovil.Shared.csproj", "{1E849FB7-6710-4367-88EB-42F42B8632DC}"
EndProject
Global
	GlobalSection(SolutionConfigurationPlatforms) = preSolution
		Debug|Any CPU = Debug|Any CPU
		Release|Any CPU = Release|Any CPU
	EndGlobalSection
	GlobalSection(ProjectConfigurationPlatforms) = postSolution
		{CE620E89-2939-423E-BCD8-693D9D2FA088}.Debug|Any CPU.ActiveCfg = Debug|Any CPU
		{CE620E89-2939-423E-BCD8-693D9D2FA088}.Debug|Any CPU.Build.0 = Debug|Any CPU
		{CE620E89-2939-423E-BCD8-693D9D2FA088}.Debug|Any CPU.Deploy.0 = Debug|Any CPU
		{CE620E89-2939-423E-BCD8-693D9D2FA088}.Release|Any CPU.ActiveCfg = Release|Any CPU
		{CE620E89-2939-423E-BCD8-693D9D2FA088}.Release|Any CPU.Build.0 = Release|Any CPU
		{CE620E89-2939-423E-BCD8-693D9D2FA088}.Release|Any CPU.Deploy.0 = Release|Any CPU
		{CC436DA6-708C-4BAC-B9E1-6FA8C50ECF14}.Debug|Any CPU.ActiveCfg = Debug|Any CPU
		{CC436DA6-708C-4BAC-B9E1-6FA8C50ECF14}.Debug|Any CPU.Build.0 = Debug|Any CPU
		{CC436DA6-708C-4BAC-B9E1-6FA8C50ECF14}.Release|Any CPU.ActiveCfg = Release|Any CPU
		{CC436DA6-708C-4BAC-B9E1-6FA8C50ECF14}.Release|Any CPU.Build.0 = Release|Any CPU
		{1E849FB7-6710-4367-88EB-42F42B8632DC}.Debug|Any CPU.ActiveCfg = Debug|Any CPU
		{1E849FB7-6710-4367-88EB-42F42B8632DC}.Debug|Any CPU.Build.0 = Debug|Any CPU
		{1E849FB7-6710-4367-88EB-42F42B8632DC}.Release|Any CPU.ActiveCfg = Release|Any CPU
		{1E849FB7-6710-4367-88EB-42F42B8632DC}.Release|Any CPU.Build.0 = Release|Any CPU
	EndGlobalSection
	GlobalSection(SolutionProperties) = preSolution
		HideSolutionNode = FALSE
	EndGlobalSection
	GlobalSection(ExtensibilityGlobals) = postSolution
		SolutionGuid = {E453F0A4-03EF-4699-9713-E8386CA5E6E3}
	EndGlobalSection
EndGlobal
